
Microsoft Visual Studio Solution File, Format Version 12.00
# Visual Studio Version 16
VisualStudioVersion = 16.0.30114.105
MinimumVisualStudioVersion = 10.0.40219.1
Project("{2150E333-8FDC-42A3-9474-1A3956D46DE8}") = "src", "src", "{08E82491-BF1D-4778-B436-5670C908892E}"
EndProject
Project("{2150E333-8FDC-42A3-9474-1A3956D46DE8}") = "core", "core", "{DED5042F-ED93-4594-83D1-14B80020B74C}"
EndProject
Project("{9A19103F-16F7-4668-BE54-9A1E7A4F7556}") = "Travel.Domain", "src\core\Travel.Domain\Travel.Domain.csproj", "{302742C4-91C5-47F1-B7CE-37600189AFDD}"
EndProject
Project("{9A19103F-16F7-4668-BE54-9A1E7A4F7556}") = "Travel.Application", "src\core\Travel.Application\Travel.Application.csproj", "{6EE8AEE1-7758-4DA3-86A6-E26FA3AE750A}"
EndProject
Project("{2150E333-8FDC-42A3-9474-1A3956D46DE8}") = "infrastructure", "infrastructure", "{719E85D9-9763-4D3B-9137-F937994B291B}"
EndProject
Project("{9A19103F-16F7-4668-BE54-9A1E7A4F7556}") = "Travel.Shared", "src\infrastructure\Travel.Shared\Travel.Shared.csproj", "{FDCB21E8-8C29-4AB4-8B0B-91BD81EB5183}"
EndProject
Project("{2150E333-8FDC-42A3-9474-1A3956D46DE8}") = "presentation", "presentation", "{168418B2-B605-4E61-961A-BD4349FBC2D5}"
EndProject
Project("{9A19103F-16F7-4668-BE54-9A1E7A4F7556}") = "Travel.WebApi", "src\presentation\Travel.WebApi\Travel.WebApi.csproj", "{B5C2B96F-7DA9-4853-8A71-CBB0668E5C01}"
EndProject
Project("{9A19103F-16F7-4668-BE54-9A1E7A4F7556}") = "Travel.Data", "src\infrastructure\Travel.Data\Travel.Data.csproj", "{2C4C40EE-5AE1-411B-8954-37CE218D6251}"
EndProject
Project("{FAE04EC0-301F-11D3-BF4B-00C04F79EFBC}") = "Travel.Identity", "Travel.Identity\Travel.Identity.csproj", "{2DDCEEB4-87D3-4A8F-A10D-61B7429212A6}"
EndProject
Global
	GlobalSection(SolutionConfigurationPlatforms) = preSolution
		Debug|Any CPU = Debug|Any CPU
		Debug|x64 = Debug|x64
		Debug|x86 = Debug|x86
		Release|Any CPU = Release|Any CPU
		Release|x64 = Release|x64
		Release|x86 = Release|x86
	EndGlobalSection
	GlobalSection(ProjectConfigurationPlatforms) = postSolution
		{302742C4-91C5-47F1-B7CE-37600189AFDD}.Debug|Any CPU.ActiveCfg = Debug|Any CPU
		{302742C4-91C5-47F1-B7CE-37600189AFDD}.Debug|Any CPU.Build.0 = Debug|Any CPU
		{302742C4-91C5-47F1-B7CE-37600189AFDD}.Debug|x64.ActiveCfg = Debug|Any CPU
		{302742C4-91C5-47F1-B7CE-37600189AFDD}.Debug|x64.Build.0 = Debug|Any CPU
		{302742C4-91C5-47F1-B7CE-37600189AFDD}.Debug|x86.ActiveCfg = Debug|Any CPU
		{302742C4-91C5-47F1-B7CE-37600189AFDD}.Debug|x86.Build.0 = Debug|Any CPU
		{302742C4-91C5-47F1-B7CE-37600189AFDD}.Release|Any CPU.ActiveCfg = Release|Any CPU
		{302742C4-91C5-47F1-B7CE-37600189AFDD}.Release|Any CPU.Build.0 = Release|Any CPU
		{302742C4-91C5-47F1-B7CE-37600189AFDD}.Release|x64.ActiveCfg = Release|Any CPU
		{302742C4-91C5-47F1-B7CE-37600189AFDD}.Release|x64.Build.0 = Release|Any CPU
		{302742C4-91C5-47F1-B7CE-37600189AFDD}.Release|x86.ActiveCfg = Release|Any CPU
		{302742C4-91C5-47F1-B7CE-37600189AFDD}.Release|x86.Build.0 = Release|Any CPU
		{6EE8AEE1-7758-4DA3-86A6-E26FA3AE750A}.Debug|Any CPU.ActiveCfg = Debug|Any CPU
		{6EE8AEE1-7758-4DA3-86A6-E26FA3AE750A}.Debug|Any CPU.Build.0 = Debug|Any CPU
		{6EE8AEE1-7758-4DA3-86A6-E26FA3AE750A}.Debug|x64.ActiveCfg = Debug|Any CPU
		{6EE8AEE1-7758-4DA3-86A6-E26FA3AE750A}.Debug|x64.Build.0 = Debug|Any CPU
		{6EE8AEE1-7758-4DA3-86A6-E26FA3AE750A}.Debug|x86.ActiveCfg = Debug|Any CPU
		{6EE8AEE1-7758-4DA3-86A6-E26FA3AE750A}.Debug|x86.Build.0 = Debug|Any CPU
		{6EE8AEE1-7758-4DA3-86A6-E26FA3AE750A}.Release|Any CPU.ActiveCfg = Release|Any CPU
		{6EE8AEE1-7758-4DA3-86A6-E26FA3AE750A}.Release|Any CPU.Build.0 = Release|Any CPU
		{6EE8AEE1-7758-4DA3-86A6-E26FA3AE750A}.Release|x64.ActiveCfg = Release|Any CPU
		{6EE8AEE1-7758-4DA3-86A6-E26FA3AE750A}.Release|x64.Build.0 = Release|Any CPU
		{6EE8AEE1-7758-4DA3-86A6-E26FA3AE750A}.Release|x86.ActiveCfg = Release|Any CPU
		{6EE8AEE1-7758-4DA3-86A6-E26FA3AE750A}.Release|x86.Build.0 = Release|Any CPU
		{FDCB21E8-8C29-4AB4-8B0B-91BD81EB5183}.Debug|Any CPU.ActiveCfg = Debug|Any CPU
		{FDCB21E8-8C29-4AB4-8B0B-91BD81EB5183}.Debug|Any CPU.Build.0 = Debug|Any CPU
		{FDCB21E8-8C29-4AB4-8B0B-91BD81EB5183}.Debug|x64.ActiveCfg = Debug|Any CPU
		{FDCB21E8-8C29-4AB4-8B0B-91BD81EB5183}.Debug|x64.Build.0 = Debug|Any CPU
		{FDCB21E8-8C29-4AB4-8B0B-91BD81EB5183}.Debug|x86.ActiveCfg = Debug|Any CPU
		{FDCB21E8-8C29-4AB4-8B0B-91BD81EB5183}.Debug|x86.Build.0 = Debug|Any CPU
		{FDCB21E8-8C29-4AB4-8B0B-91BD81EB5183}.Release|Any CPU.ActiveCfg = Release|Any CPU
		{FDCB21E8-8C29-4AB4-8B0B-91BD81EB5183}.Release|Any CPU.Build.0 = Release|Any CPU
		{FDCB21E8-8C29-4AB4-8B0B-91BD81EB5183}.Release|x64.ActiveCfg = Release|Any CPU
		{FDCB21E8-8C29-4AB4-8B0B-91BD81EB5183}.Release|x64.Build.0 = Release|Any CPU
		{FDCB21E8-8C29-4AB4-8B0B-91BD81EB5183}.Release|x86.ActiveCfg = Release|Any CPU
		{FDCB21E8-8C29-4AB4-8B0B-91BD81EB5183}.Release|x86.Build.0 = Release|Any CPU
		{B5C2B96F-7DA9-4853-8A71-CBB0668E5C01}.Debug|Any CPU.ActiveCfg = Debug|Any CPU
		{B5C2B96F-7DA9-4853-8A71-CBB0668E5C01}.Debug|Any CPU.Build.0 = Debug|Any CPU
		{B5C2B96F-7DA9-4853-8A71-CBB0668E5C01}.Debug|x64.ActiveCfg = Debug|Any CPU
		{B5C2B96F-7DA9-4853-8A71-CBB0668E5C01}.Debug|x64.Build.0 = Debug|Any CPU
		{B5C2B96F-7DA9-4853-8A71-CBB0668E5C01}.Debug|x86.ActiveCfg = Debug|Any CPU
		{B5C2B96F-7DA9-4853-8A71-CBB0668E5C01}.Debug|x86.Build.0 = Debug|Any CPU
		{B5C2B96F-7DA9-4853-8A71-CBB0668E5C01}.Release|Any CPU.ActiveCfg = Release|Any CPU
		{B5C2B96F-7DA9-4853-8A71-CBB0668E5C01}.Release|Any CPU.Build.0 = Release|Any CPU
		{B5C2B96F-7DA9-4853-8A71-CBB0668E5C01}.Release|x64.ActiveCfg = Release|Any CPU
		{B5C2B96F-7DA9-4853-8A71-CBB0668E5C01}.Release|x64.Build.0 = Release|Any CPU
		{B5C2B96F-7DA9-4853-8A71-CBB0668E5C01}.Release|x86.ActiveCfg = Release|Any CPU
		{B5C2B96F-7DA9-4853-8A71-CBB0668E5C01}.Release|x86.Build.0 = Release|Any CPU
		{2C4C40EE-5AE1-411B-8954-37CE218D6251}.Debug|Any CPU.ActiveCfg = Debug|Any CPU
		{2C4C40EE-5AE1-411B-8954-37CE218D6251}.Debug|Any CPU.Build.0 = Debug|Any CPU
		{2C4C40EE-5AE1-411B-8954-37CE218D6251}.Debug|x64.ActiveCfg = Debug|Any CPU
		{2C4C40EE-5AE1-411B-8954-37CE218D6251}.Debug|x64.Build.0 = Debug|Any CPU
		{2C4C40EE-5AE1-411B-8954-37CE218D6251}.Debug|x86.ActiveCfg = Debug|Any CPU
		{2C4C40EE-5AE1-411B-8954-37CE218D6251}.Debug|x86.Build.0 = Debug|Any CPU
		{2C4C40EE-5AE1-411B-8954-37CE218D6251}.Release|Any CPU.ActiveCfg = Release|Any CPU
		{2C4C40EE-5AE1-411B-8954-37CE218D6251}.Release|Any CPU.Build.0 = Release|Any CPU
		{2C4C40EE-5AE1-411B-8954-37CE218D6251}.Release|x64.ActiveCfg = Release|Any CPU
		{2C4C40EE-5AE1-411B-8954-37CE218D6251}.Release|x64.Build.0 = Release|Any CPU
		{2C4C40EE-5AE1-411B-8954-37CE218D6251}.Release|x86.ActiveCfg = Release|Any CPU
		{2C4C40EE-5AE1-411B-8954-37CE218D6251}.Release|x86.Build.0 = Release|Any CPU
		{2DDCEEB4-87D3-4A8F-A10D-61B7429212A6}.Debug|Any CPU.ActiveCfg = Debug|Any CPU
		{2DDCEEB4-87D3-4A8F-A10D-61B7429212A6}.Debug|Any CPU.Build.0 = Debug|Any CPU
		{2DDCEEB4-87D3-4A8F-A10D-61B7429212A6}.Debug|x64.ActiveCfg = Debug|Any CPU
		{2DDCEEB4-87D3-4A8F-A10D-61B7429212A6}.Debug|x64.Build.0 = Debug|Any CPU
		{2DDCEEB4-87D3-4A8F-A10D-61B7429212A6}.Debug|x86.ActiveCfg = Debug|Any CPU
		{2DDCEEB4-87D3-4A8F-A10D-61B7429212A6}.Debug|x86.Build.0 = Debug|Any CPU
		{2DDCEEB4-87D3-4A8F-A10D-61B7429212A6}.Release|Any CPU.ActiveCfg = Release|Any CPU
		{2DDCEEB4-87D3-4A8F-A10D-61B7429212A6}.Release|Any CPU.Build.0 = Release|Any CPU
		{2DDCEEB4-87D3-4A8F-A10D-61B7429212A6}.Release|x64.ActiveCfg = Release|Any CPU
		{2DDCEEB4-87D3-4A8F-A10D-61B7429212A6}.Release|x64.Build.0 = Release|Any CPU
		{2DDCEEB4-87D3-4A8F-A10D-61B7429212A6}.Release|x86.ActiveCfg = Release|Any CPU
		{2DDCEEB4-87D3-4A8F-A10D-61B7429212A6}.Release|x86.Build.0 = Release|Any CPU
	EndGlobalSection
	GlobalSection(SolutionProperties) = preSolution
		HideSolutionNode = FALSE
	EndGlobalSection
	GlobalSection(NestedProjects) = preSolution
		{DED5042F-ED93-4594-83D1-14B80020B74C} = {08E82491-BF1D-4778-B436-5670C908892E}
		{302742C4-91C5-47F1-B7CE-37600189AFDD} = {DED5042F-ED93-4594-83D1-14B80020B74C}
		{6EE8AEE1-7758-4DA3-86A6-E26FA3AE750A} = {DED5042F-ED93-4594-83D1-14B80020B74C}
		{719E85D9-9763-4D3B-9137-F937994B291B} = {08E82491-BF1D-4778-B436-5670C908892E}
		{FDCB21E8-8C29-4AB4-8B0B-91BD81EB5183} = {719E85D9-9763-4D3B-9137-F937994B291B}
		{168418B2-B605-4E61-961A-BD4349FBC2D5} = {08E82491-BF1D-4778-B436-5670C908892E}
		{B5C2B96F-7DA9-4853-8A71-CBB0668E5C01} = {168418B2-B605-4E61-961A-BD4349FBC2D5}
		{2C4C40EE-5AE1-411B-8954-37CE218D6251} = {719E85D9-9763-4D3B-9137-F937994B291B}
		{2DDCEEB4-87D3-4A8F-A10D-61B7429212A6} = {719E85D9-9763-4D3B-9137-F937994B291B}
	EndGlobalSection
	GlobalSection(ExtensibilityGlobals) = postSolution
		SolutionGuid = {8096AC1A-DF66-42D9-B7EC-1C07A8E16E18}
	EndGlobalSection
EndGlobal
